
Microsoft Visual Studio Solution File, Format Version 12.00
# Visual Studio Version 17
VisualStudioVersion = 17.7.34024.191
MinimumVisualStudioVersion = 10.0.40219.1
Project("{FAE04EC0-301F-11D3-BF4B-00C04F79EFBC}") = "MathQuiz", "MathQuiz\MathQuiz.csproj", "{2C2ABB1A-535A-4792-BF35-6AA28D1958AA}"
EndProject
Global
	GlobalSection(SolutionConfigurationPlatforms) = preSolution
		Debug|Any CPU = Debug|Any CPU
		Release|Any CPU = Release|Any CPU
	EndGlobalSection
	GlobalSection(ProjectConfigurationPlatforms) = postSolution
		{2C2ABB1A-535A-4792-BF35-6AA28D1958AA}.Debug|Any CPU.ActiveCfg = Debug|Any CPU
		{2C2ABB1A-535A-4792-BF35-6AA28D1958AA}.Debug|Any CPU.Build.0 = Debug|Any CPU
		{2C2ABB1A-535A-4792-BF35-6AA28D1958AA}.Release|Any CPU.ActiveCfg = Release|Any CPU
		{2C2ABB1A-535A-4792-BF35-6AA28D1958AA}.Release|Any CPU.Build.0 = Release|Any CPU
	EndGlobalSection
	GlobalSection(SolutionProperties) = preSolution
		HideSolutionNode = FALSE
	EndGlobalSection
	GlobalSection(ExtensibilityGlobals) = postSolution
		SolutionGuid = {BDC6B929-8A1D-40F2-9105-08FFC144B3C4}
	EndGlobalSection
EndGlobal
